{
  "name": "battlecode-client",
  "version": "2023.0.0",
  "lockfileVersion": 2,
  "requires": true,
  "packages": {
    "": {
      "name": "battlecode-client",
      "version": "2023.0.0",
      "license": "GPL-3.0",
      "dependencies": {
        "deepcopy": "^2.1.0"
      }
    },
    "node_modules/deepcopy": {
      "version": "2.1.0",
      "resolved": "https://registry.npmjs.org/deepcopy/-/deepcopy-2.1.0.tgz",
      "integrity": "sha512-8cZeTb1ZKC3bdSCP6XOM1IsTczIO73fdqtwa2B0N15eAz7gmyhQo+mc5gnFuulsgN3vIQYmTgbmQVKalH1dKvQ==",
      "dependencies": {
        "type-detect": "^4.0.8"
      }
    },
    "node_modules/type-detect": {
      "version": "4.0.8",
      "resolved": "https://registry.npmjs.org/type-detect/-/type-detect-4.0.8.tgz",
      "integrity": "sha512-0fr/mIH1dlO+x7TlcMy+bIDqKPsw/70tVyeHW787goQjhmqaZe10uwLujubK9q9Lg6Fiho1KUKDYz0Z7k7g5/g==",
      "engines": {
        "node": ">=4"
      }
    }
  },
  "dependencies": {
    "deepcopy": {
      "version": "2.1.0",
      "resolved": "https://registry.npmjs.org/deepcopy/-/deepcopy-2.1.0.tgz",
      "integrity": "sha512-8cZeTb1ZKC3bdSCP6XOM1IsTczIO73fdqtwa2B0N15eAz7gmyhQo+mc5gnFuulsgN3vIQYmTgbmQVKalH1dKvQ==",
      "requires": {
        "type-detect": "^4.0.8"
      }
    },
    "type-detect": {
      "version": "4.0.8",
      "resolved": "https://registry.npmjs.org/type-detect/-/type-detect-4.0.8.tgz",
      "integrity": "sha512-0fr/mIH1dlO+x7TlcMy+bIDqKPsw/70tVyeHW787goQjhmqaZe10uwLujubK9q9Lg6Fiho1KUKDYz0Z7k7g5/g=="
    }
  }
}
