{
  "name": "battlecode-schema",
  "version": "2022.0.0",
  "lockfileVersion": 2,
  "requires": true,
  "packages": {
    "": {
      "name": "battlecode-schema",
      "version": "2022.0.0",
      "license": "GPL-3.0",
      "dependencies": {
        "@types/flatbuffers": "^1.10.2",
        "flatbuffers": "^23.5.26"
      }
    },
    "node_modules/@types/flatbuffers": {
      "version": "1.10.3",
      "resolved": "https://registry.npmjs.org/@types/flatbuffers/-/flatbuffers-1.10.3.tgz",
      "integrity": "sha512-kwJQsAROanCiMXSLjcTLmYVBIJ9Qyuqs92SaDIcj2EII2KnDgZbiU7it1Z/JfZd1gmxw/lAahMysQ6ZM+j3Ryw=="
    },
    "node_modules/flatbuffers": {
      "version": "23.5.26",
      "resolved": "https://registry.npmjs.org/flatbuffers/-/flatbuffers-23.5.26.tgz",
      "integrity": "sha512-vE+SI9vrJDwi1oETtTIFldC/o9GsVKRM+s6EL0nQgxXlYV1Vc4Tk30hj4xGICftInKQKj1F3up2n8UbIVobISQ=="
    }
  },
  "dependencies": {
    "@types/flatbuffers": {
      "version": "1.10.3",
      "resolved": "https://registry.npmjs.org/@types/flatbuffers/-/flatbuffers-1.10.3.tgz",
      "integrity": "sha512-kwJQsAROanCiMXSLjcTLmYVBIJ9Qyuqs92SaDIcj2EII2KnDgZbiU7it1Z/JfZd1gmxw/lAahMysQ6ZM+j3Ryw=="
    },
    "flatbuffers": {
      "version": "23.5.26",
      "resolved": "https://registry.npmjs.org/flatbuffers/-/flatbuffers-23.5.26.tgz",
      "integrity": "sha512-vE+SI9vrJDwi1oETtTIFldC/o9GsVKRM+s6EL0nQgxXlYV1Vc4Tk30hj4xGICftInKQKj1F3up2n8UbIVobISQ=="
    }
  }
}
